
Microsoft Visual Studio Solution File, Format Version 12.00
# Visual Studio Version 17
VisualStudioVersion = 17.13.36105.23 d17.13
MinimumVisualStudioVersion = 10.0.40219.1
Project("{FAE04EC0-301F-11D3-BF4B-00C04F79EFBC}") = "GroceryApp", "GroceryApp.csproj", "{92EC019F-18A1-4CA2-98BB-FB96822D9DBE}"
EndProject
Global
	GlobalSection(SolutionConfigurationPlatforms) = preSolution
		Debug|Any CPU = Debug|Any CPU
		Release|Any CPU = Release|Any CPU
	EndGlobalSection
	GlobalSection(ProjectConfigurationPlatforms) = postSolution
		{92EC019F-18A1-4CA2-98BB-FB96822D9DBE}.Debug|Any CPU.ActiveCfg = Debug|Any CPU
		{92EC019F-18A1-4CA2-98BB-FB96822D9DBE}.Debug|Any CPU.Build.0 = Debug|Any CPU
		{92EC019F-18A1-4CA2-98BB-FB96822D9DBE}.Release|Any CPU.ActiveCfg = Release|Any CPU
		{92EC019F-18A1-4CA2-98BB-FB96822D9DBE}.Release|Any CPU.Build.0 = Release|Any CPU
	EndGlobalSection
	GlobalSection(SolutionProperties) = preSolution
		HideSolutionNode = FALSE
	EndGlobalSection
	GlobalSection(ExtensibilityGlobals) = postSolution
		SolutionGuid = {525F9EDC-7074-4152-A013-B4ADFACCDF79}
	EndGlobalSection
EndGlobal
