
Microsoft Visual Studio Solution File, Format Version 12.00
# Visual Studio Version 17
VisualStudioVersion = 17.13.36105.23 d17.13
MinimumVisualStudioVersion = 10.0.40219.1
Project("{FAE04EC0-301F-11D3-BF4B-00C04F79EFBC}") = "assignment_4", "assignment_4.csproj", "{1EE906CF-E095-4F4D-8011-243EBB63CE33}"
EndProject
Global
	GlobalSection(SolutionConfigurationPlatforms) = preSolution
		Debug|Any CPU = Debug|Any CPU
		Release|Any CPU = Release|Any CPU
	EndGlobalSection
	GlobalSection(ProjectConfigurationPlatforms) = postSolution
		{1EE906CF-E095-4F4D-8011-243EBB63CE33}.Debug|Any CPU.ActiveCfg = Debug|Any CPU
		{1EE906CF-E095-4F4D-8011-243EBB63CE33}.Debug|Any CPU.Build.0 = Debug|Any CPU
		{1EE906CF-E095-4F4D-8011-243EBB63CE33}.Release|Any CPU.ActiveCfg = Release|Any CPU
		{1EE906CF-E095-4F4D-8011-243EBB63CE33}.Release|Any CPU.Build.0 = Release|Any CPU
	EndGlobalSection
	GlobalSection(SolutionProperties) = preSolution
		HideSolutionNode = FALSE
	EndGlobalSection
	GlobalSection(ExtensibilityGlobals) = postSolution
		SolutionGuid = {9CC6495A-25EE-494D-A094-9FA76EE18D49}
	EndGlobalSection
EndGlobal
