
Microsoft Visual Studio Solution File, Format Version 12.00
# Visual Studio Version 17
VisualStudioVersion = 17.13.35931.197 d17.13
MinimumVisualStudioVersion = 10.0.40219.1
Project("{FAE04EC0-301F-11D3-BF4B-00C04F79EFBC}") = "mid_proj_final", "mid_proj_final.csproj", "{A3AB6EAF-577E-468D-A181-725AE685C5D0}"
EndProject
Global
	GlobalSection(SolutionConfigurationPlatforms) = preSolution
		Debug|Any CPU = Debug|Any CPU
		Release|Any CPU = Release|Any CPU
	EndGlobalSection
	GlobalSection(ProjectConfigurationPlatforms) = postSolution
		{A3AB6EAF-577E-468D-A181-725AE685C5D0}.Debug|Any CPU.ActiveCfg = Debug|Any CPU
		{A3AB6EAF-577E-468D-A181-725AE685C5D0}.Debug|Any CPU.Build.0 = Debug|Any CPU
		{A3AB6EAF-577E-468D-A181-725AE685C5D0}.Release|Any CPU.ActiveCfg = Release|Any CPU
		{A3AB6EAF-577E-468D-A181-725AE685C5D0}.Release|Any CPU.Build.0 = Release|Any CPU
	EndGlobalSection
	GlobalSection(SolutionProperties) = preSolution
		HideSolutionNode = FALSE
	EndGlobalSection
	GlobalSection(ExtensibilityGlobals) = postSolution
		SolutionGuid = {B37661F2-3186-4330-85C8-FAA0C5522721}
	EndGlobalSection
EndGlobal
