Microsoft Visual Studio Solution File, Format Version 12.00
# Visual Studio Version 17
VisualStudioVersion = 17.5.2.0
MinimumVisualStudioVersion = 10.0.40219.1
Project("{FAE04EC0-301F-11D3-BF4B-00C04F79EFBC}") = "HospitalManagementSystem_MVC", "HospitalManagementSystem_MVC.csproj", "{B650F1A7-D8D2-1FC3-720C-F6F87C3C7BF9}"
EndProject
Global
	GlobalSection(SolutionConfigurationPlatforms) = preSolution
		Debug|Any CPU = Debug|Any CPU
		Release|Any CPU = Release|Any CPU
	EndGlobalSection
	GlobalSection(ProjectConfigurationPlatforms) = postSolution
		{B650F1A7-D8D2-1FC3-720C-F6F87C3C7BF9}.Debug|Any CPU.ActiveCfg = Debug|Any CPU
		{B650F1A7-D8D2-1FC3-720C-F6F87C3C7BF9}.Debug|Any CPU.Build.0 = Debug|Any CPU
		{B650F1A7-D8D2-1FC3-720C-F6F87C3C7BF9}.Release|Any CPU.ActiveCfg = Release|Any CPU
		{B650F1A7-D8D2-1FC3-720C-F6F87C3C7BF9}.Release|Any CPU.Build.0 = Release|Any CPU
	EndGlobalSection
	GlobalSection(SolutionProperties) = preSolution
		HideSolutionNode = FALSE
	EndGlobalSection
	GlobalSection(ExtensibilityGlobals) = postSolution
		SolutionGuid = {0FF1A45D-1023-472D-876A-2672A56D7E43}
	EndGlobalSection
EndGlobal
